
Microsoft Visual Studio Solution File, Format Version 10.00
# Visual Studio 2008
Project("{8BC9CEB8-8B4A-11D0-8D11-00A0C91BC942}") = "Moebius_3DEngine", "Moebius_3DEngine.vcproj", "{EFA27E22-FDD0-4F85-BE9C-B41414B5FB1B}"
EndProject
Global
	GlobalSection(SolutionConfigurationPlatforms) = preSolution
		Debug|Win32 = Debug|Win32
		Release|Win32 = Release|Win32
	EndGlobalSection
	GlobalSection(ProjectConfigurationPlatforms) = postSolution
		{EFA27E22-FDD0-4F85-BE9C-B41414B5FB1B}.Debug|Win32.ActiveCfg = Debug|Win32
		{EFA27E22-FDD0-4F85-BE9C-B41414B5FB1B}.Debug|Win32.Build.0 = Debug|Win32
		{EFA27E22-FDD0-4F85-BE9C-B41414B5FB1B}.Release|Win32.ActiveCfg = Release|Win32
		{EFA27E22-FDD0-4F85-BE9C-B41414B5FB1B}.Release|Win32.Build.0 = Release|Win32
	EndGlobalSection
	GlobalSection(SolutionProperties) = preSolution
		HideSolutionNode = FALSE
	EndGlobalSection
EndGlobal
