
Microsoft Visual Studio Solution File, Format Version 12.00
# Visual Studio 14
VisualStudioVersion = 14.0.25420.1
MinimumVisualStudioVersion = 10.0.40219.1
Project("{2150E333-8FDC-42A3-9474-1A3956D46DE8}") = "MoebiusEngine", "MoebiusEngine", "{6423A94B-0823-4CC9-9AE7-E1AF49E11B7F}"
EndProject
Project("{8BC9CEB8-8B4A-11D0-8D11-00A0C91BC942}") = "MoebiusEngine.Shared", "MoebiusEngine\MoebiusEngine.Shared\MoebiusEngine.Shared.vcxitems", "{96508135-A363-44D6-A32E-AC48FE2A801B}"
EndProject
Project("{8BC9CEB8-8B4A-11D0-8D11-00A0C91BC942}") = "MoebiusEngine.Windows", "MoebiusEngine\MoebiusEngine.Windows\MoebiusEngine.Windows.vcxproj", "{83EFA6ED-E4FF-4EA7-9A35-55EFEE278772}"
EndProject
Project("{8BC9CEB8-8B4A-11D0-8D11-00A0C91BC942}") = "MoebiusEngine.WindowsPhone", "MoebiusEngine\MoebiusEngine.WindowsPhone\MoebiusEngine.WindowsPhone.vcxproj", "{ABFBF22A-E6B6-45BE-AC67-877C1D160EAF}"
EndProject
Global
	GlobalSection(SharedMSBuildProjectFiles) = preSolution
		MoebiusEngine\MoebiusEngine.Shared\MoebiusEngine.Shared.vcxitems*{83efa6ed-e4ff-4ea7-9a35-55efee278772}*SharedItemsImports = 4
		MoebiusEngine\MoebiusEngine.Shared\MoebiusEngine.Shared.vcxitems*{96508135-a363-44d6-a32e-ac48fe2a801b}*SharedItemsImports = 9
		MoebiusEngine\MoebiusEngine.Shared\MoebiusEngine.Shared.vcxitems*{abfbf22a-e6b6-45be-ac67-877c1d160eaf}*SharedItemsImports = 4
	EndGlobalSection
	GlobalSection(SolutionConfigurationPlatforms) = preSolution
		Debug|ARM = Debug|ARM
		Debug|x64 = Debug|x64
		Debug|x86 = Debug|x86
		Release|ARM = Release|ARM
		Release|x64 = Release|x64
		Release|x86 = Release|x86
	EndGlobalSection
	GlobalSection(ProjectConfigurationPlatforms) = postSolution
		{83EFA6ED-E4FF-4EA7-9A35-55EFEE278772}.Debug|ARM.ActiveCfg = Debug|ARM
		{83EFA6ED-E4FF-4EA7-9A35-55EFEE278772}.Debug|ARM.Build.0 = Debug|ARM
		{83EFA6ED-E4FF-4EA7-9A35-55EFEE278772}.Debug|ARM.Deploy.0 = Debug|ARM
		{83EFA6ED-E4FF-4EA7-9A35-55EFEE278772}.Debug|x64.ActiveCfg = Debug|x64
		{83EFA6ED-E4FF-4EA7-9A35-55EFEE278772}.Debug|x64.Build.0 = Debug|x64
		{83EFA6ED-E4FF-4EA7-9A35-55EFEE278772}.Debug|x64.Deploy.0 = Debug|x64
		{83EFA6ED-E4FF-4EA7-9A35-55EFEE278772}.Debug|x86.ActiveCfg = Debug|Win32
		{83EFA6ED-E4FF-4EA7-9A35-55EFEE278772}.Debug|x86.Build.0 = Debug|Win32
		{83EFA6ED-E4FF-4EA7-9A35-55EFEE278772}.Debug|x86.Deploy.0 = Debug|Win32
		{83EFA6ED-E4FF-4EA7-9A35-55EFEE278772}.Release|ARM.ActiveCfg = Release|ARM
		{83EFA6ED-E4FF-4EA7-9A35-55EFEE278772}.Release|ARM.Build.0 = Release|ARM
		{83EFA6ED-E4FF-4EA7-9A35-55EFEE278772}.Release|ARM.Deploy.0 = Release|ARM
		{83EFA6ED-E4FF-4EA7-9A35-55EFEE278772}.Release|x64.ActiveCfg = Release|x64
		{83EFA6ED-E4FF-4EA7-9A35-55EFEE278772}.Release|x64.Build.0 = Release|x64
		{83EFA6ED-E4FF-4EA7-9A35-55EFEE278772}.Release|x64.Deploy.0 = Release|x64
		{83EFA6ED-E4FF-4EA7-9A35-55EFEE278772}.Release|x86.ActiveCfg = Release|Win32
		{83EFA6ED-E4FF-4EA7-9A35-55EFEE278772}.Release|x86.Build.0 = Release|Win32
		{83EFA6ED-E4FF-4EA7-9A35-55EFEE278772}.Release|x86.Deploy.0 = Release|Win32
		{ABFBF22A-E6B6-45BE-AC67-877C1D160EAF}.Debug|ARM.ActiveCfg = Debug|ARM
		{ABFBF22A-E6B6-45BE-AC67-877C1D160EAF}.Debug|ARM.Build.0 = Debug|ARM
		{ABFBF22A-E6B6-45BE-AC67-877C1D160EAF}.Debug|ARM.Deploy.0 = Debug|ARM
		{ABFBF22A-E6B6-45BE-AC67-877C1D160EAF}.Debug|x64.ActiveCfg = Debug|Win32
		{ABFBF22A-E6B6-45BE-AC67-877C1D160EAF}.Debug|x86.ActiveCfg = Debug|Win32
		{ABFBF22A-E6B6-45BE-AC67-877C1D160EAF}.Debug|x86.Build.0 = Debug|Win32
		{ABFBF22A-E6B6-45BE-AC67-877C1D160EAF}.Debug|x86.Deploy.0 = Debug|Win32
		{ABFBF22A-E6B6-45BE-AC67-877C1D160EAF}.Release|ARM.ActiveCfg = Release|ARM
		{ABFBF22A-E6B6-45BE-AC67-877C1D160EAF}.Release|ARM.Build.0 = Release|ARM
		{ABFBF22A-E6B6-45BE-AC67-877C1D160EAF}.Release|ARM.Deploy.0 = Release|ARM
		{ABFBF22A-E6B6-45BE-AC67-877C1D160EAF}.Release|x64.ActiveCfg = Release|Win32
		{ABFBF22A-E6B6-45BE-AC67-877C1D160EAF}.Release|x86.ActiveCfg = Release|Win32
		{ABFBF22A-E6B6-45BE-AC67-877C1D160EAF}.Release|x86.Build.0 = Release|Win32
		{ABFBF22A-E6B6-45BE-AC67-877C1D160EAF}.Release|x86.Deploy.0 = Release|Win32
	EndGlobalSection
	GlobalSection(SolutionProperties) = preSolution
		HideSolutionNode = FALSE
	EndGlobalSection
	GlobalSection(NestedProjects) = preSolution
		{96508135-A363-44D6-A32E-AC48FE2A801B} = {6423A94B-0823-4CC9-9AE7-E1AF49E11B7F}
		{83EFA6ED-E4FF-4EA7-9A35-55EFEE278772} = {6423A94B-0823-4CC9-9AE7-E1AF49E11B7F}
		{ABFBF22A-E6B6-45BE-AC67-877C1D160EAF} = {6423A94B-0823-4CC9-9AE7-E1AF49E11B7F}
	EndGlobalSection
EndGlobal
